
Microsoft Visual Studio Solution File, Format Version 12.00
# Visual Studio 15
VisualStudioVersion = 15.0.27428.2005
MinimumVisualStudioVersion = 10.0.40219.1
Project("{FAE04EC0-301F-11D3-BF4B-00C04F79EFBC}") = "PasswordExercise", "PasswordExercise\PasswordExercise.csproj", "{A6D3F3B3-B93E-4480-A3B8-E9131B02B09C}"
EndProject
Project("{FAE04EC0-301F-11D3-BF4B-00C04F79EFBC}") = "PasswordExercise.Test", "PasswordExercise.Test\PasswordExercise.Test.csproj", "{2809DC27-640D-4E45-BE7A-52781E310BFF}"
EndProject
Global
	GlobalSection(SolutionConfigurationPlatforms) = preSolution
		Debug|Any CPU = Debug|Any CPU
		Release|Any CPU = Release|Any CPU
	EndGlobalSection
	GlobalSection(ProjectConfigurationPlatforms) = postSolution
		{A6D3F3B3-B93E-4480-A3B8-E9131B02B09C}.Debug|Any CPU.ActiveCfg = Debug|Any CPU
		{A6D3F3B3-B93E-4480-A3B8-E9131B02B09C}.Debug|Any CPU.Build.0 = Debug|Any CPU
		{A6D3F3B3-B93E-4480-A3B8-E9131B02B09C}.Release|Any CPU.ActiveCfg = Release|Any CPU
		{A6D3F3B3-B93E-4480-A3B8-E9131B02B09C}.Release|Any CPU.Build.0 = Release|Any CPU
		{2809DC27-640D-4E45-BE7A-52781E310BFF}.Debug|Any CPU.ActiveCfg = Debug|Any CPU
		{2809DC27-640D-4E45-BE7A-52781E310BFF}.Debug|Any CPU.Build.0 = Debug|Any CPU
		{2809DC27-640D-4E45-BE7A-52781E310BFF}.Release|Any CPU.ActiveCfg = Release|Any CPU
		{2809DC27-640D-4E45-BE7A-52781E310BFF}.Release|Any CPU.Build.0 = Release|Any CPU
	EndGlobalSection
	GlobalSection(SolutionProperties) = preSolution
		HideSolutionNode = FALSE
	EndGlobalSection
	GlobalSection(ExtensibilityGlobals) = postSolution
		SolutionGuid = {3A8B5FB1-7CA9-4E70-82E9-A45E89610A7F}
	EndGlobalSection
EndGlobal
